// !$*UTF8*$!
{
	archiveVersion = 1;
	classes = {
	};
	objectVersion = 50;
	objects = {

/* Begin PBXBuildFile section */
		A20EA95C2275B9960074E1DF /* DetailViewController.swift in Sources */ = {isa = PBXBuildFile; fileRef = A20EA95B2275B9960074E1DF /* DetailViewController.swift */; };
		A20EA95F2275BB530074E1DF /* MapKit.framework in Frameworks */ = {isa = PBXBuildFile; fileRef = A20EA95E2275BB530074E1DF /* MapKit.framework */; };
		A29B04B5227584310018742A /* HomeModel.swift in Sources */ = {isa = PBXBuildFile; fileRef = A29B04B4227584310018742A /* HomeModel.swift */; };
		A29B04B7227584600018742A /* LocationModel.swift in Sources */ = {isa = PBXBuildFile; fileRef = A29B04B6227584600018742A /* LocationModel.swift */; };
		A29B5EDE2274B41D009BCC29 /* AppDelegate.swift in Sources */ = {isa = PBXBuildFile; fileRef = A29B5EDD2274B41D009BCC29 /* AppDelegate.swift */; };
		A29B5EE02274B41D009BCC29 /* ViewController.swift in Sources */ = {isa = PBXBuildFile; fileRef = A29B5EDF2274B41D009BCC29 /* ViewController.swift */; };
		A29B5EE32274B41E009BCC29 /* Main.storyboard in Resources */ = {isa = PBXBuildFile; fileRef = A29B5EE12274B41E009BCC29 /* Main.storyboard */; };
		A29B5EE52274B42E009BCC29 /* Assets.xcassets in Resources */ = {isa = PBXBuildFile; fileRef = A29B5EE42274B42E009BCC29 /* Assets.xcassets */; };
		A29B5EE82274B42E009BCC29 /* LaunchScreen.storyboard in Resources */ = {isa = PBXBuildFile; fileRef = A29B5EE62274B42E009BCC29 /* LaunchScreen.storyboard */; };
		A29B5EF32274B42E009BCC29 /* SwiftDatabaseAppTests.swift in Sources */ = {isa = PBXBuildFile; fileRef = A29B5EF22274B42E009BCC29 /* SwiftDatabaseAppTests.swift */; };
		A29B5EFE2274B42E009BCC29 /* SwiftDatabaseAppUITests.swift in Sources */ = {isa = PBXBuildFile; fileRef = A29B5EFD2274B42E009BCC29 /* SwiftDatabaseAppUITests.swift */; };
/* End PBXBuildFile section */

/* Begin PBXContainerItemProxy section */
		A29B5EEF2274B42E009BCC29 /* PBXContainerItemProxy */ = {
			isa = PBXContainerItemProxy;
			containerPortal = A29B5ED22274B41A009BCC29 /* Project object */;
			proxyType = 1;
			remoteGlobalIDString = A29B5ED92274B41A009BCC29;
			remoteInfo = SwiftDatabaseApp;
		};
		A29B5EFA2274B42E009BCC29 /* PBXContainerItemProxy */ = {
			isa = PBXContainerItemProxy;
			containerPortal = A29B5ED22274B41A009BCC29 /* Project object */;
			proxyType = 1;
			remoteGlobalIDString = A29B5ED92274B41A009BCC29;
			remoteInfo = SwiftDatabaseApp;
		};
/* End PBXContainerItemProxy section */

/* Begin PBXFileReference section */
		A20EA95B2275B9960074E1DF /* DetailViewController.swift */ = {isa = PBXFileReference; lastKnownFileType = sourcecode.swift; path = DetailViewController.swift; sourceTree = "<group>"; };
		A20EA95E2275BB530074E1DF /* MapKit.framework */ = {isa = PBXFileReference; lastKnownFileType = wrapper.framework; name = MapKit.framework; path = System/Library/Frameworks/MapKit.framework; sourceTree = SDKROOT; };
		A29B04B4227584310018742A /* HomeModel.swift */ = {isa = PBXFileReference; lastKnownFileType = sourcecode.swift; path = HomeModel.swift; sourceTree = "<group>"; };
		A29B04B6227584600018742A /* LocationModel.swift */ = {isa = PBXFileReference; lastKnownFileType = sourcecode.swift; path = LocationModel.swift; sourceTree = "<group>"; };
		A29B5EDA2274B41B009BCC29 /* SwiftDatabaseApp.app */ = {isa = PBXFileReference; explicitFileType = wrapper.application; includeInIndex = 0; path = SwiftDatabaseApp.app; sourceTree = BUILT_PRODUCTS_DIR; };
		A29B5EDD2274B41D009BCC29 /* AppDelegate.swift */ = {isa = PBXFileReference; lastKnownFileType = sourcecode.swift; path = AppDelegate.swift; sourceTree = "<group>"; };
		A29B5EDF2274B41D009BCC29 /* ViewController.swift */ = {isa = PBXFileReference; lastKnownFileType = sourcecode.swift; path = ViewController.swift; sourceTree = "<group>"; };
		A29B5EE22274B41E009BCC29 /* Base */ = {isa = PBXFileReference; lastKnownFileType = file.storyboard; name = Base; path = Base.lproj/Main.storyboard; sourceTree = "<group>"; };
		A29B5EE42274B42E009BCC29 /* Assets.xcassets */ = {isa = PBXFileReference; lastKnownFileType = folder.assetcatalog; path = Assets.xcassets; sourceTree = "<group>"; };
		A29B5EE72274B42E009BCC29 /* Base */ = {isa = PBXFileReference; lastKnownFileType = file.storyboard; name = Base; path = Base.lproj/LaunchScreen.storyboard; sourceTree = "<group>"; };
		A29B5EE92274B42E009BCC29 /* Info.plist */ = {isa = PBXFileReference; lastKnownFileType = text.plist.xml; path = Info.plist; sourceTree = "<group>"; };
		A29B5EEE2274B42E009BCC29 /* SwiftDatabaseAppTests.xctest */ = {isa = PBXFileReference; explicitFileType = wrapper.cfbundle; includeInIndex = 0; path = SwiftDatabaseAppTests.xctest; sourceTree = BUILT_PRODUCTS_DIR; };
		A29B5EF22274B42E009BCC29 /* SwiftDatabaseAppTests.swift */ = {isa = PBXFileReference; lastKnownFileType = sourcecode.swift; path = SwiftDatabaseAppTests.swift; sourceTree = "<group>"; };
		A29B5EF42274B42E009BCC29 /* Info.plist */ = {isa = PBXFileReference; lastKnownFileType = text.plist.xml; path = Info.plist; sourceTree = "<group>"; };
		A29B5EF92274B42E009BCC29 /* SwiftDatabaseAppUITests.xctest */ = {isa = PBXFileReference; explicitFileType = wrapper.cfbundle; includeInIndex = 0; path = SwiftDatabaseAppUITests.xctest; sourceTree = BUILT_PRODUCTS_DIR; };
		A29B5EFD2274B42E009BCC29 /* SwiftDatabaseAppUITests.swift */ = {isa = PBXFileReference; lastKnownFileType = sourcecode.swift; path = SwiftDatabaseAppUITests.swift; sourceTree = "<group>"; };
		A29B5EFF2274B42E009BCC29 /* Info.plist */ = {isa = PBXFileReference; lastKnownFileType = text.plist.xml; path = Info.plist; sourceTree = "<group>"; };
/* End PBXFileReference section */

/* Begin PBXFrameworksBuildPhase section */
		A29B5ED72274B41A009BCC29 /* Frameworks */ = {
			isa = PBXFrameworksBuildPhase;
			buildActionMask = 2147483647;
			files = (
				A20EA95F2275BB530074E1DF /* MapKit.framework in Frameworks */,
			);
			runOnlyForDeploymentPostprocessing = 0;
		};
		A29B5EEB2274B42E009BCC29 /* Frameworks */ = {
			isa = PBXFrameworksBuildPhase;
			buildActionMask = 2147483647;
			files = (
			);
			runOnlyForDeploymentPostprocessing = 0;
		};
		A29B5EF62274B42E009BCC29 /* Frameworks */ = {
			isa = PBXFrameworksBuildPhase;
			buildActionMask = 2147483647;
			files = (
			);
			runOnlyForDeploymentPostprocessing = 0;
		};
/* End PBXFrameworksBuildPhase section */

/* Begin PBXGroup section */
		A20EA95D2275BB520074E1DF /* Frameworks */ = {
			isa = PBXGroup;
			children = (
				A20EA95E2275BB530074E1DF /* MapKit.framework */,
			);
			name = Frameworks;
			sourceTree = "<group>";
		};
		A29B5ED12274B41A009BCC29 = {
			isa = PBXGroup;
			children = (
				A29B5EDC2274B41B009BCC29 /* SwiftDatabaseApp */,
				A29B5EF12274B42E009BCC29 /* SwiftDatabaseAppTests */,
				A29B5EFC2274B42E009BCC29 /* SwiftDatabaseAppUITests */,
				A29B5EDB2274B41B009BCC29 /* Products */,
				A20EA95D2275BB520074E1DF /* Frameworks */,
			);
			sourceTree = "<group>";
		};
		A29B5EDB2274B41B009BCC29 /* Products */ = {
			isa = PBXGroup;
			children = (
				A29B5EDA2274B41B009BCC29 /* SwiftDatabaseApp.app */,
				A29B5EEE2274B42E009BCC29 /* SwiftDatabaseAppTests.xctest */,
				A29B5EF92274B42E009BCC29 /* SwiftDatabaseAppUITests.xctest */,
			);
			name = Products;
			sourceTree = "<group>";
		};
		A29B5EDC2274B41B009BCC29 /* SwiftDatabaseApp */ = {
			isa = PBXGroup;
			children = (
				A29B5EDD2274B41D009BCC29 /* AppDelegate.swift */,
				A29B5EDF2274B41D009BCC29 /* ViewController.swift */,
				A29B5EE12274B41E009BCC29 /* Main.storyboard */,
				A29B5EE42274B42E009BCC29 /* Assets.xcassets */,
				A29B5EE62274B42E009BCC29 /* LaunchScreen.storyboard */,
				A29B5EE92274B42E009BCC29 /* Info.plist */,
				A29B04B4227584310018742A /* HomeModel.swift */,
				A29B04B6227584600018742A /* LocationModel.swift */,
				A20EA95B2275B9960074E1DF /* DetailViewController.swift */,
			);
			path = SwiftDatabaseApp;
			sourceTree = "<group>";
		};
		A29B5EF12274B42E009BCC29 /* SwiftDatabaseAppTests */ = {
			isa = PBXGroup;
			children = (
				A29B5EF22274B42E009BCC29 /* SwiftDatabaseAppTests.swift */,
				A29B5EF42274B42E009BCC29 /* Info.plist */,
			);
			path = SwiftDatabaseAppTests;
			sourceTree = "<group>";
		};
		A29B5EFC2274B42E009BCC29 /* SwiftDatabaseAppUITests */ = {
			isa = PBXGroup;
			children = (
				A29B5EFD2274B42E009BCC29 /* SwiftDatabaseAppUITests.swift */,
				A29B5EFF2274B42E009BCC29 /* Info.plist */,
			);
			path = SwiftDatabaseAppUITests;
			sourceTree = "<group>";
		};
/* End PBXGroup section */

/* Begin PBXNativeTarget section */
		A29B5ED92274B41A009BCC29 /* SwiftDatabaseApp */ = {
			isa = PBXNativeTarget;
			buildConfigurationList = A29B5F022274B42E009BCC29 /* Build configuration list for PBXNativeTarget "SwiftDatabaseApp" */;
			buildPhases = (
				A29B5ED62274B41A009BCC29 /* Sources */,
				A29B5ED72274B41A009BCC29 /* Frameworks */,
				A29B5ED82274B41A009BCC29 /* Resources */,
			);
			buildRules = (
			);
			dependencies = (
			);
			name = SwiftDatabaseApp;
			productName = SwiftDatabaseApp;
			productReference = A29B5EDA2274B41B009BCC29 /* SwiftDatabaseApp.app */;
			productType = "com.apple.product-type.application";
		};
		A29B5EED2274B42E009BCC29 /* SwiftDatabaseAppTests */ = {
			isa = PBXNativeTarget;
			buildConfigurationList = A29B5F052274B42E009BCC29 /* Build configuration list for PBXNativeTarget "SwiftDatabaseAppTests" */;
			buildPhases = (
				A29B5EEA2274B42E009BCC29 /* Sources */,
				A29B5EEB2274B42E009BCC29 /* Frameworks */,
				A29B5EEC2274B42E009BCC29 /* Resources */,
			);
			buildRules = (
			);
			dependencies = (
				A29B5EF02274B42E009BCC29 /* PBXTargetDependency */,
			);
			name = SwiftDatabaseAppTests;
			productName = SwiftDatabaseAppTests;
			productReference = A29B5EEE2274B42E009BCC29 /* SwiftDatabaseAppTests.xctest */;
			productType = "com.apple.product-type.bundle.unit-test";
		};
		A29B5EF82274B42E009BCC29 /* SwiftDatabaseAppUITests */ = {
			isa = PBXNativeTarget;
			buildConfigurationList = A29B5F082274B42E009BCC29 /* Build configuration list for PBXNativeTarget "SwiftDatabaseAppUITests" */;
			buildPhases = (
				A29B5EF52274B42E009BCC29 /* Sources */,
				A29B5EF62274B42E009BCC29 /* Frameworks */,
				A29B5EF72274B42E009BCC29 /* Resources */,
			);
			buildRules = (
			);
			dependencies = (
				A29B5EFB2274B42E009BCC29 /* PBXTargetDependency */,
			);
			name = SwiftDatabaseAppUITests;
			productName = SwiftDatabaseAppUITests;
			productReference = A29B5EF92274B42E009BCC29 /* SwiftDatabaseAppUITests.xctest */;
			productType = "com.apple.product-type.bundle.ui-testing";
		};
/* End PBXNativeTarget section */

/* Begin PBXProject section */
		A29B5ED22274B41A009BCC29 /* Project object */ = {
			isa = PBXProject;
			attributes = {
				LastSwiftUpdateCheck = 1020;
				LastUpgradeCheck = 1020;
				ORGANIZATIONNAME = Goshawk;
				TargetAttributes = {
					A29B5ED92274B41A009BCC29 = {
						CreatedOnToolsVersion = 10.2.1;
					};
					A29B5EED2274B42E009BCC29 = {
						CreatedOnToolsVersion = 10.2.1;
						TestTargetID = A29B5ED92274B41A009BCC29;
					};
					A29B5EF82274B42E009BCC29 = {
						CreatedOnToolsVersion = 10.2.1;
						TestTargetID = A29B5ED92274B41A009BCC29;
					};
				};
			};
			buildConfigurationList = A29B5ED52274B41A009BCC29 /* Build configuration list for PBXProject "SwiftDatabaseApp" */;
			compatibilityVersion = "Xcode 9.3";
			developmentRegion = en;
			hasScannedForEncodings = 0;
			knownRegions = (
				en,
				Base,
			);
			mainGroup = A29B5ED12274B41A009BCC29;
			productRefGroup = A29B5EDB2274B41B009BCC29 /* Products */;
			projectDirPath = "";
			projectRoot = "";
			targets = (
				A29B5ED92274B41A009BCC29 /* SwiftDatabaseApp */,
				A29B5EED2274B42E009BCC29 /* SwiftDatabaseAppTests */,
				A29B5EF82274B42E009BCC29 /* SwiftDatabaseAppUITests */,
			);
		};
/* End PBXProject section */

/* Begin PBXResourcesBuildPhase section */
		A29B5ED82274B41A009BCC29 /* Resources */ = {
			isa = PBXResourcesBuildPhase;
			buildActionMask = 2147483647;
			files = (
				A29B5EE82274B42E009BCC29 /* LaunchScreen.storyboard in Resources */,
				A29B5EE52274B42E009BCC29 /* Assets.xcassets in Resources */,
				A29B5EE32274B41E009BCC29 /* Main.storyboard in Resources */,
			);
			runOnlyForDeploymentPostprocessing = 0;
		};
		A29B5EEC2274B42E009BCC29 /* Resources */ = {
			isa = PBXResourcesBuildPhase;
			buildActionMask = 2147483647;
			files = (
			);
			runOnlyForDeploymentPostprocessing = 0;
		};
		A29B5EF72274B42E009BCC29 /* Resources */ = {
			isa = PBXResourcesBuildPhase;
			buildActionMask = 2147483647;
			files = (
			);
			runOnlyForDeploymentPostprocessing = 0;
		};
/* End PBXResourcesBuildPhase section */

/* Begin PBXSourcesBuildPhase section */
		A29B5ED62274B41A009BCC29 /* Sources */ = {
			isa = PBXSourcesBuildPhase;
			buildActionMask = 2147483647;
			files = (
				A29B04B7227584600018742A /* LocationModel.swift in Sources */,
				A29B5EE02274B41D009BCC29 /* ViewController.swift in Sources */,
				A20EA95C2275B9960074E1DF /* DetailViewController.swift in Sources */,
				A29B5EDE2274B41D009BCC29 /* AppDelegate.swift in Sources */,
				A29B04B5227584310018742A /* HomeModel.swift in Sources */,
			);
			runOnlyForDeploymentPostprocessing = 0;
		};
		A29B5EEA2274B42E009BCC29 /* Sources */ = {
			isa = PBXSourcesBuildPhase;
			buildActionMask = 2147483647;
			files = (
				A29B5EF32274B42E009BCC29 /* SwiftDatabaseAppTests.swift in Sources */,
			);
			runOnlyForDeploymentPostprocessing = 0;
		};
		A29B5EF52274B42E009BCC29 /* Sources */ = {
			isa = PBXSourcesBuildPhase;
			buildActionMask = 2147483647;
			files = (
				A29B5EFE2274B42E009BCC29 /* SwiftDatabaseAppUITests.swift in Sources */,
			);
			runOnlyForDeploymentPostprocessing = 0;
		};
/* End PBXSourcesBuildPhase section */

/* Begin PBXTargetDependency section */
		A29B5EF02274B42E009BCC29 /* PBXTargetDependency */ = {
			isa = PBXTargetDependency;
			target = A29B5ED92274B41A009BCC29 /* SwiftDatabaseApp */;
			targetProxy = A29B5EEF2274B42E009BCC29 /* PBXContainerItemProxy */;
		};
		A29B5EFB2274B42E009BCC29 /* PBXTargetDependency */ = {
			isa = PBXTargetDependency;
			target = A29B5ED92274B41A009BCC29 /* SwiftDatabaseApp */;
			targetProxy = A29B5EFA2274B42E009BCC29 /* PBXContainerItemProxy */;
		};
/* End PBXTargetDependency section */

/* Begin PBXVariantGroup section */
		A29B5EE12274B41E009BCC29 /* Main.storyboard */ = {
			isa = PBXVariantGroup;
			children = (
				A29B5EE22274B41E009BCC29 /* Base */,
			);
			name = Main.storyboard;
			sourceTree = "<group>";
		};
		A29B5EE62274B42E009BCC29 /* LaunchScreen.storyboard */ = {
			isa = PBXVariantGroup;
			children = (
				A29B5EE72274B42E009BCC29 /* Base */,
			);
			name = LaunchScreen.storyboard;
			sourceTree = "<group>";
		};
/* End PBXVariantGroup section */

/* Begin XCBuildConfiguration section */
		A29B5F002274B42E009BCC29 /* Debug */ = {
			isa = XCBuildConfiguration;
			buildSettings = {
				ALWAYS_SEARCH_USER_PATHS = NO;
				CLANG_ANALYZER_NONNULL = YES;
				CLANG_ANALYZER_NUMBER_OBJECT_CONVERSION = YES_AGGRESSIVE;
				CLANG_CXX_LANGUAGE_STANDARD = "gnu++14";
				CLANG_CXX_LIBRARY = "libc++";
				CLANG_ENABLE_MODULES = YES;
				CLANG_ENABLE_OBJC_ARC = YES;
				CLANG_ENABLE_OBJC_WEAK = YES;
				CLANG_WARN_BLOCK_CAPTURE_AUTORELEASING = YES;
				CLANG_WARN_BOOL_CONVERSION = YES;
				CLANG_WARN_COMMA = YES;
				CLANG_WARN_CONSTANT_CONVERSION = YES;
				CLANG_WARN_DEPRECATED_OBJC_IMPLEMENTATIONS = YES;
				CLANG_WARN_DIRECT_OBJC_ISA_USAGE = YES_ERROR;
				CLANG_WARN_DOCUMENTATION_COMMENTS = YES;
				CLANG_WARN_EMPTY_BODY = YES;
				CLANG_WARN_ENUM_CONVERSION = YES;
				CLANG_WARN_INFINITE_RECURSION = YES;
				CLANG_WARN_INT_CONVERSION = YES;
				CLANG_WARN_NON_LITERAL_NULL_CONVERSION = YES;
				CLANG_WARN_OBJC_IMPLICIT_RETAIN_SELF = YES;
				CLANG_WARN_OBJC_LITERAL_CONVERSION = YES;
				CLANG_WARN_OBJC_ROOT_CLASS = YES_ERROR;
				CLANG_WARN_RANGE_LOOP_ANALYSIS = YES;
				CLANG_WARN_STRICT_PROTOTYPES = YES;
				CLANG_WARN_SUSPICIOUS_MOVE = YES;
				CLANG_WARN_UNGUARDED_AVAILABILITY = YES_AGGRESSIVE;
				CLANG_WARN_UNREACHABLE_CODE = YES;
				CLANG_WARN__DUPLICATE_METHOD_MATCH = YES;
				CODE_SIGN_IDENTITY = "iPhone Developer";
				COPY_PHASE_STRIP = NO;
				DEBUG_INFORMATION_FORMAT = dwarf;
				ENABLE_STRICT_OBJC_MSGSEND = YES;
				ENABLE_TESTABILITY = YES;
				GCC_C_LANGUAGE_STANDARD = gnu11;
				GCC_DYNAMIC_NO_PIC = NO;
				GCC_NO_COMMON_BLOCKS = YES;
				GCC_OPTIMIZATION_LEVEL = 0;
				GCC_PREPROCESSOR_DEFINITIONS = (
					"DEBUG=1",
					"$(inherited)",
				);
				GCC_WARN_64_TO_32_BIT_CONVERSION = YES;
				GCC_WARN_ABOUT_RETURN_TYPE = YES_ERROR;
				GCC_WARN_UNDECLARED_SELECTOR = YES;
				GCC_WARN_UNINITIALIZED_AUTOS = YES_AGGRESSIVE;
				GCC_WARN_UNUSED_FUNCTION = YES;
				GCC_WARN_UNUSED_VARIABLE = YES;
				IPHONEOS_DEPLOYMENT_TARGET = 12.2;
				MTL_ENABLE_DEBUG_INFO = INCLUDE_SOURCE;
				MTL_FAST_MATH = YES;
				ONLY_ACTIVE_ARCH = YES;
				SDKROOT = iphoneos;
				SWIFT_ACTIVE_COMPILATION_CONDITIONS = DEBUG;
				SWIFT_OPTIMIZATION_LEVEL = "-Onone";
			};
			name = Debug;
		};
		A29B5F012274B42E009BCC29 /* Release */ = {
			isa = XCBuildConfiguration;
			buildSettings = {
				ALWAYS_SEARCH_USER_PATHS = NO;
				CLANG_ANALYZER_NONNULL = YES;
				CLANG_ANALYZER_NUMBER_OBJECT_CONVERSION = YES_AGGRESSIVE;
				CLANG_CXX_LANGUAGE_STANDARD = "gnu++14";
				CLANG_CXX_LIBRARY = "libc++";
				CLANG_ENABLE_MODULES = YES;
				CLANG_ENABLE_OBJC_ARC = YES;
				CLANG_ENABLE_OBJC_WEAK = YES;
				CLANG_WARN_BLOCK_CAPTURE_AUTORELEASING = YES;
				CLANG_WARN_BOOL_CONVERSION = YES;
				CLANG_WARN_COMMA = YES;
				CLANG_WARN_CONSTANT_CONVERSION = YES;
				CLANG_WARN_DEPRECATED_OBJC_IMPLEMENTATIONS = YES;
				CLANG_WARN_DIRECT_OBJC_ISA_USAGE = YES_ERROR;
				CLANG_WARN_DOCUMENTATION_COMMENTS = YES;
				CLANG_WARN_EMPTY_BODY = YES;
				CLANG_WARN_ENUM_CONVERSION = YES;
				CLANG_WARN_INFINITE_RECURSION = YES;
				CLANG_WARN_INT_CONVERSION = YES;
				CLANG_WARN_NON_LITERAL_NULL_CONVERSION = YES;
				CLANG_WARN_OBJC_IMPLICIT_RETAIN_SELF = YES;
				CLANG_WARN_OBJC_LITERAL_CONVERSION = YES;
				CLANG_WARN_OBJC_ROOT_CLASS = YES_ERROR;
				CLANG_WARN_RANGE_LOOP_ANALYSIS = YES;
				CLANG_WARN_STRICT_PROTOTYPES = YES;
				CLANG_WARN_SUSPICIOUS_MOVE = YES;
				CLANG_WARN_UNGUARDED_AVAILABILITY = YES_AGGRESSIVE;
				CLANG_WARN_UNREACHABLE_CODE = YES;
				CLANG_WARN__DUPLICATE_METHOD_MATCH = YES;
				CODE_SIGN_IDENTITY = "iPhone Developer";
				COPY_PHASE_STRIP = NO;
				DEBUG_INFORMATION_FORMAT = "dwarf-with-dsym";
				ENABLE_NS_ASSERTIONS = NO;
				ENABLE_STRICT_OBJC_MSGSEND = YES;
				GCC_C_LANGUAGE_STANDARD = gnu11;
				GCC_NO_COMMON_BLOCKS = YES;
				GCC_WARN_64_TO_32_BIT_CONVERSION = YES;
				GCC_WARN_ABOUT_RETURN_TYPE = YES_ERROR;
				GCC_WARN_UNDECLARED_SELECTOR = YES;
				GCC_WARN_UNINITIALIZED_AUTOS = YES_AGGRESSIVE;
				GCC_WARN_UNUSED_FUNCTION = YES;
				GCC_WARN_UNUSED_VARIABLE = YES;
				IPHONEOS_DEPLOYMENT_TARGET = 12.2;
				MTL_ENABLE_DEBUG_INFO = NO;
				MTL_FAST_MATH = YES;
				SDKROOT = iphoneos;
				SWIFT_COMPILATION_MODE = wholemodule;
				SWIFT_OPTIMIZATION_LEVEL = "-O";
				VALIDATE_PRODUCT = YES;
			};
			name = Release;
		};
		A29B5F032274B42E009BCC29 /* Debug */ = {
			isa = XCBuildConfiguration;
			buildSettings = {
				ASSETCATALOG_COMPILER_APPICON_NAME = AppIcon;
				CODE_SIGN_STYLE = Automatic;
				INFOPLIST_FILE = SwiftDatabaseApp/Info.plist;
				LD_RUNPATH_SEARCH_PATHS = (
					"$(inherited)",
					"@executable_path/Frameworks",
				);
				PRODUCT_BUNDLE_IDENTIFIER = home.SwiftDatabaseApp;
				PRODUCT_NAME = "$(TARGET_NAME)";
				SWIFT_VERSION = 5.0;
				TARGETED_DEVICE_FAMILY = "1,2";
			};
			name = Debug;
		};
		A29B5F042274B42E009BCC29 /* Release */ = {
			isa = XCBuildConfiguration;
			buildSettings = {
				ASSETCATALOG_COMPILER_APPICON_NAME = AppIcon;
				CODE_SIGN_STYLE = Automatic;
				INFOPLIST_FILE = SwiftDatabaseApp/Info.plist;
				LD_RUNPATH_SEARCH_PATHS = (
					"$(inherited)",
					"@executable_path/Frameworks",
				);
				PRODUCT_BUNDLE_IDENTIFIER = home.SwiftDatabaseApp;
				PRODUCT_NAME = "$(TARGET_NAME)";
				SWIFT_VERSION = 5.0;
				TARGETED_DEVICE_FAMILY = "1,2";
			};
			name = Release;
		};
		A29B5F062274B42E009BCC29 /* Debug */ = {
			isa = XCBuildConfiguration;
			buildSettings = {
				ALWAYS_EMBED_SWIFT_STANDARD_LIBRARIES = YES;
				BUNDLE_LOADER = "$(TEST_HOST)";
				CODE_SIGN_STYLE = Automatic;
				INFOPLIST_FILE = SwiftDatabaseAppTests/Info.plist;
				LD_RUNPATH_SEARCH_PATHS = (
					"$(inherited)",
					"@executable_path/Frameworks",
					"@loader_path/Frameworks",
				);
				PRODUCT_BUNDLE_IDENTIFIER = home.SwiftDatabaseAppTests;
				PRODUCT_NAME = "$(TARGET_NAME)";
				SWIFT_VERSION = 5.0;
				TARGETED_DEVICE_FAMILY = "1,2";
				TEST_HOST = "$(BUILT_PRODUCTS_DIR)/SwiftDatabaseApp.app/SwiftDatabaseApp";
			};
			name = Debug;
		};
		A29B5F072274B42E009BCC29 /* Release */ = {
			isa = XCBuildConfiguration;
			buildSettings = {
				ALWAYS_EMBED_SWIFT_STANDARD_LIBRARIES = YES;
				BUNDLE_LOADER = "$(TEST_HOST)";
				CODE_SIGN_STYLE = Automatic;
				INFOPLIST_FILE = SwiftDatabaseAppTests/Info.plist;
				LD_RUNPATH_SEARCH_PATHS = (
					"$(inherited)",
					"@executable_path/Frameworks",
					"@loader_path/Frameworks",
				);
				PRODUCT_BUNDLE_IDENTIFIER = home.SwiftDatabaseAppTests;
				PRODUCT_NAME = "$(TARGET_NAME)";
				SWIFT_VERSION = 5.0;
				TARGETED_DEVICE_FAMILY = "1,2";
				TEST_HOST = "$(BUILT_PRODUCTS_DIR)/SwiftDatabaseApp.app/SwiftDatabaseApp";
			};
			name = Release;
		};
		A29B5F092274B42E009BCC29 /* Debug */ = {
			isa = XCBuildConfiguration;
			buildSettings = {
				ALWAYS_EMBED_SWIFT_STANDARD_LIBRARIES = YES;
				CODE_SIGN_STYLE = Automatic;
				INFOPLIST_FILE = SwiftDatabaseAppUITests/Info.plist;
				LD_RUNPATH_SEARCH_PATHS = (
					"$(inherited)",
					"@executable_path/Frameworks",
					"@loader_path/Frameworks",
				);
				PRODUCT_BUNDLE_IDENTIFIER = home.SwiftDatabaseAppUITests;
				PRODUCT_NAME = "$(TARGET_NAME)";
				SWIFT_VERSION = 5.0;
				TARGETED_DEVICE_FAMILY = "1,2";
				TEST_TARGET_NAME = SwiftDatabaseApp;
			};
			name = Debug;
		};
		A29B5F0A2274B42E009BCC29 /* Release */ = {
			isa = XCBuildConfiguration;
			buildSettings = {
				ALWAYS_EMBED_SWIFT_STANDARD_LIBRARIES = YES;
				CODE_SIGN_STYLE = Automatic;
				INFOPLIST_FILE = SwiftDatabaseAppUITests/Info.plist;
				LD_RUNPATH_SEARCH_PATHS = (
					"$(inherited)",
					"@executable_path/Frameworks",
					"@loader_path/Frameworks",
				);
				PRODUCT_BUNDLE_IDENTIFIER = home.SwiftDatabaseAppUITests;
				PRODUCT_NAME = "$(TARGET_NAME)";
				SWIFT_VERSION = 5.0;
				TARGETED_DEVICE_FAMILY = "1,2";
				TEST_TARGET_NAME = SwiftDatabaseApp;
			};
			name = Release;
		};
/* End XCBuildConfiguration section */

/* Begin XCConfigurationList section */
		A29B5ED52274B41A009BCC29 /* Build configuration list for PBXProject "SwiftDatabaseApp" */ = {
			isa = XCConfigurationList;
			buildConfigurations = (
				A29B5F002274B42E009BCC29 /* Debug */,
				A29B5F012274B42E009BCC29 /* Release */,
			);
			defaultConfigurationIsVisible = 0;
			defaultConfigurationName = Release;
		};
		A29B5F022274B42E009BCC29 /* Build configuration list for PBXNativeTarget "SwiftDatabaseApp" */ = {
			isa = XCConfigurationList;
			buildConfigurations = (
				A29B5F032274B42E009BCC29 /* Debug */,
				A29B5F042274B42E009BCC29 /* Release */,
			);
			defaultConfigurationIsVisible = 0;
			defaultConfigurationName = Release;
		};
		A29B5F052274B42E009BCC29 /* Build configuration list for PBXNativeTarget "SwiftDatabaseAppTests" */ = {
			isa = XCConfigurationList;
			buildConfigurations = (
				A29B5F062274B42E009BCC29 /* Debug */,
				A29B5F072274B42E009BCC29 /* Release */,
			);
			defaultConfigurationIsVisible = 0;
			defaultConfigurationName = Release;
		};
		A29B5F082274B42E009BCC29 /* Build configuration list for PBXNativeTarget "SwiftDatabaseAppUITests" */ = {
			isa = XCConfigurationList;
			buildConfigurations = (
				A29B5F092274B42E009BCC29 /* Debug */,
				A29B5F0A2274B42E009BCC29 /* Release */,
			);
			defaultConfigurationIsVisible = 0;
			defaultConfigurationName = Release;
		};
/* End XCConfigurationList section */
	};
	rootObject = A29B5ED22274B41A009BCC29 /* Project object */;
}
